
Microsoft Visual Studio Solution File, Format Version 12.00
# Visual Studio 15
VisualStudioVersion = 15.0.27130.2027
MinimumVisualStudioVersion = 10.0.40219.1
Project("{FAE04EC0-301F-11D3-BF4B-00C04F79EFBC}") = "PHTWords", "..\PHTWords\PHTWords.csproj", "{FCE0920B-7E1F-4E80-9272-77671856E43A}"
EndProject
Project("{FAE04EC0-301F-11D3-BF4B-00C04F79EFBC}") = "PHTWeb", "PHTWeb.csproj", "{7E11FCE8-7B51-4CD6-9D18-CE7A99F68CA9}"
EndProject
Global
	GlobalSection(SolutionConfigurationPlatforms) = preSolution
		Debug|Any CPU = Debug|Any CPU
		Release|Any CPU = Release|Any CPU
	EndGlobalSection
	GlobalSection(ProjectConfigurationPlatforms) = postSolution
		{FCE0920B-7E1F-4E80-9272-77671856E43A}.Debug|Any CPU.ActiveCfg = Debug|Any CPU
		{FCE0920B-7E1F-4E80-9272-77671856E43A}.Debug|Any CPU.Build.0 = Debug|Any CPU
		{FCE0920B-7E1F-4E80-9272-77671856E43A}.Release|Any CPU.ActiveCfg = Release|Any CPU
		{FCE0920B-7E1F-4E80-9272-77671856E43A}.Release|Any CPU.Build.0 = Release|Any CPU
		{7E11FCE8-7B51-4CD6-9D18-CE7A99F68CA9}.Debug|Any CPU.ActiveCfg = Debug|Any CPU
		{7E11FCE8-7B51-4CD6-9D18-CE7A99F68CA9}.Debug|Any CPU.Build.0 = Debug|Any CPU
		{7E11FCE8-7B51-4CD6-9D18-CE7A99F68CA9}.Release|Any CPU.ActiveCfg = Release|Any CPU
		{7E11FCE8-7B51-4CD6-9D18-CE7A99F68CA9}.Release|Any CPU.Build.0 = Release|Any CPU
	EndGlobalSection
	GlobalSection(SolutionProperties) = preSolution
		HideSolutionNode = FALSE
	EndGlobalSection
	GlobalSection(ExtensibilityGlobals) = postSolution
		SolutionGuid = {E23E7DA9-381F-4BB5-93E7-2E71F5215350}
	EndGlobalSection
EndGlobal
